
Microsoft Visual Studio Solution File, Format Version 12.00
# Visual Studio Version 17
VisualStudioVersion = 17.13.35931.197 d17.13
MinimumVisualStudioVersion = 10.0.40219.1
Project("{8BC9CEB8-8B4A-11D0-8D11-00A0C91BC942}") = "oopa8-9", "oopa8-9.vcxproj", "{103B485E-EA2D-4F58-B30A-C389C325F9A2}"
EndProject
Global
	GlobalSection(SolutionConfigurationPlatforms) = preSolution
		Debug|x64 = Debug|x64
		Release|x64 = Release|x64
	EndGlobalSection
	GlobalSection(ProjectConfigurationPlatforms) = postSolution
		{103B485E-EA2D-4F58-B30A-C389C325F9A2}.Debug|x64.ActiveCfg = Debug|x64
		{103B485E-EA2D-4F58-B30A-C389C325F9A2}.Debug|x64.Build.0 = Debug|x64
		{103B485E-EA2D-4F58-B30A-C389C325F9A2}.Release|x64.ActiveCfg = Release|x64
		{103B485E-EA2D-4F58-B30A-C389C325F9A2}.Release|x64.Build.0 = Release|x64
	EndGlobalSection
	GlobalSection(SolutionProperties) = preSolution
		HideSolutionNode = FALSE
	EndGlobalSection
	GlobalSection(ExtensibilityGlobals) = postSolution
		SolutionGuid = {442BBB0A-9AF9-42F7-A899-7E4ECF2E1F49}
	EndGlobalSection
EndGlobal
